
Microsoft Visual Studio Solution File, Format Version 12.00
Project("{FAE04EC0-301F-11D3-BF4B-00C04F79EFBC}") = "LiftBuddy.Models", "LiftBuddy.Models\LiftBuddy.Models.csproj", "{4E218214-F88A-44CD-BAC5-BF7C473E877F}"
EndProject
Project("{FAE04EC0-301F-11D3-BF4B-00C04F79EFBC}") = "LiftBuddy.Web", "LiftBuddy.Web\LiftBuddy.Web.csproj", "{1365BE71-883C-46FE-B069-EE4DEF73F361}"
EndProject
Global
	GlobalSection(SolutionConfigurationPlatforms) = preSolution
		Debug|Any CPU = Debug|Any CPU
		Release|Any CPU = Release|Any CPU
	EndGlobalSection
	GlobalSection(ProjectConfigurationPlatforms) = postSolution
		{4E218214-F88A-44CD-BAC5-BF7C473E877F}.Debug|Any CPU.ActiveCfg = Debug|Any CPU
		{4E218214-F88A-44CD-BAC5-BF7C473E877F}.Debug|Any CPU.Build.0 = Debug|Any CPU
		{4E218214-F88A-44CD-BAC5-BF7C473E877F}.Release|Any CPU.ActiveCfg = Release|Any CPU
		{4E218214-F88A-44CD-BAC5-BF7C473E877F}.Release|Any CPU.Build.0 = Release|Any CPU
		{1365BE71-883C-46FE-B069-EE4DEF73F361}.Debug|Any CPU.ActiveCfg = Debug|Any CPU
		{1365BE71-883C-46FE-B069-EE4DEF73F361}.Debug|Any CPU.Build.0 = Debug|Any CPU
		{1365BE71-883C-46FE-B069-EE4DEF73F361}.Release|Any CPU.ActiveCfg = Release|Any CPU
		{1365BE71-883C-46FE-B069-EE4DEF73F361}.Release|Any CPU.Build.0 = Release|Any CPU
	EndGlobalSection
EndGlobal
